
Microsoft Visual Studio Solution File, Format Version 12.00
# Visual Studio 2012
Project("{8BC9CEB8-8B4A-11D0-8D11-00A0C91BC942}") = "pa3", "pa3\pa3.vcxproj", "{FDB7568C-B8B6-4D4F-B8D7-9F9D4A8F2704}"
EndProject
Global
	GlobalSection(SolutionConfigurationPlatforms) = preSolution
		Debug|Win32 = Debug|Win32
		Release|Win32 = Release|Win32
	EndGlobalSection
	GlobalSection(ProjectConfigurationPlatforms) = postSolution
		{FDB7568C-B8B6-4D4F-B8D7-9F9D4A8F2704}.Debug|Win32.ActiveCfg = Debug|Win32
		{FDB7568C-B8B6-4D4F-B8D7-9F9D4A8F2704}.Debug|Win32.Build.0 = Debug|Win32
		{FDB7568C-B8B6-4D4F-B8D7-9F9D4A8F2704}.Release|Win32.ActiveCfg = Release|Win32
		{FDB7568C-B8B6-4D4F-B8D7-9F9D4A8F2704}.Release|Win32.Build.0 = Release|Win32
	EndGlobalSection
	GlobalSection(SolutionProperties) = preSolution
		HideSolutionNode = FALSE
	EndGlobalSection
EndGlobal
